
Microsoft Visual Studio Solution File, Format Version 12.00
# Visual Studio Version 17
VisualStudioVersion = 17.14.36414.22 d17.14
MinimumVisualStudioVersion = 10.0.40219.1
Project("{888888A0-9F3D-457C-B088-3A5042F75D52}") = "OOP review project", "OOP review project.pyproj", "{B9FC4C91-AF3A-442E-B634-5CF58D7A2BDF}"
EndProject
Global
	GlobalSection(SolutionConfigurationPlatforms) = preSolution
		Debug|Any CPU = Debug|Any CPU
		Release|Any CPU = Release|Any CPU
	EndGlobalSection
	GlobalSection(ProjectConfigurationPlatforms) = postSolution
		{B9FC4C91-AF3A-442E-B634-5CF58D7A2BDF}.Debug|Any CPU.ActiveCfg = Debug|Any CPU
		{B9FC4C91-AF3A-442E-B634-5CF58D7A2BDF}.Release|Any CPU.ActiveCfg = Release|Any CPU
	EndGlobalSection
	GlobalSection(SolutionProperties) = preSolution
		HideSolutionNode = FALSE
	EndGlobalSection
	GlobalSection(ExtensibilityGlobals) = postSolution
		SolutionGuid = {6F3BBB00-44CD-4A88-BE1B-724303B874AA}
	EndGlobalSection
EndGlobal
